// !$*UTF8*$!
{
	archiveVersion = 1;
	classes = {
	};
	objectVersion = 48;
	objects = {

/* Begin PBXBuildFile section */
		1291736D203773DF00252217 /* AppDelegate.swift in Sources */ = {isa = PBXBuildFile; fileRef = 1291736C203773DF00252217 /* AppDelegate.swift */; };
		1291736F203773DF00252217 /* ViewController.swift in Sources */ = {isa = PBXBuildFile; fileRef = 1291736E203773DF00252217 /* ViewController.swift */; };
		12917372203773DF00252217 /* Main.storyboard in Resources */ = {isa = PBXBuildFile; fileRef = 12917370203773DF00252217 /* Main.storyboard */; };
		12917375203773DF00252217 /* Linearis.xcdatamodeld in Sources */ = {isa = PBXBuildFile; fileRef = 12917373203773DF00252217 /* Linearis.xcdatamodeld */; };
		12917377203773DF00252217 /* Assets.xcassets in Resources */ = {isa = PBXBuildFile; fileRef = 12917376203773DF00252217 /* Assets.xcassets */; };
		1291737A203773DF00252217 /* LaunchScreen.storyboard in Resources */ = {isa = PBXBuildFile; fileRef = 12917378203773DF00252217 /* LaunchScreen.storyboard */; };
		12917385203773DF00252217 /* LinearisTests.swift in Sources */ = {isa = PBXBuildFile; fileRef = 12917384203773DF00252217 /* LinearisTests.swift */; };
		12917390203773DF00252217 /* LinearisUITests.swift in Sources */ = {isa = PBXBuildFile; fileRef = 1291738F203773DF00252217 /* LinearisUITests.swift */; };
/* End PBXBuildFile section */

/* Begin PBXContainerItemProxy section */
		12917381203773DF00252217 /* PBXContainerItemProxy */ = {
			isa = PBXContainerItemProxy;
			containerPortal = 12917361203773DF00252217 /* Project object */;
			proxyType = 1;
			remoteGlobalIDString = 12917368203773DF00252217;
			remoteInfo = Linearis;
		};
		1291738C203773DF00252217 /* PBXContainerItemProxy */ = {
			isa = PBXContainerItemProxy;
			containerPortal = 12917361203773DF00252217 /* Project object */;
			proxyType = 1;
			remoteGlobalIDString = 12917368203773DF00252217;
			remoteInfo = Linearis;
		};
/* End PBXContainerItemProxy section */

/* Begin PBXFileReference section */
		12917369203773DF00252217 /* Linearis.app */ = {isa = PBXFileReference; explicitFileType = wrapper.application; includeInIndex = 0; path = Linearis.app; sourceTree = BUILT_PRODUCTS_DIR; };
		1291736C203773DF00252217 /* AppDelegate.swift */ = {isa = PBXFileReference; lastKnownFileType = sourcecode.swift; path = AppDelegate.swift; sourceTree = "<group>"; };
		1291736E203773DF00252217 /* ViewController.swift */ = {isa = PBXFileReference; lastKnownFileType = sourcecode.swift; path = ViewController.swift; sourceTree = "<group>"; };
		12917371203773DF00252217 /* Base */ = {isa = PBXFileReference; lastKnownFileType = file.storyboard; name = Base; path = Base.lproj/Main.storyboard; sourceTree = "<group>"; };
		12917374203773DF00252217 /* Linearis.xcdatamodel */ = {isa = PBXFileReference; lastKnownFileType = wrapper.xcdatamodel; path = Linearis.xcdatamodel; sourceTree = "<group>"; };
		12917376203773DF00252217 /* Assets.xcassets */ = {isa = PBXFileReference; lastKnownFileType = folder.assetcatalog; path = Assets.xcassets; sourceTree = "<group>"; };
		12917379203773DF00252217 /* Base */ = {isa = PBXFileReference; lastKnownFileType = file.storyboard; name = Base; path = Base.lproj/LaunchScreen.storyboard; sourceTree = "<group>"; };
		1291737B203773DF00252217 /* Info.plist */ = {isa = PBXFileReference; lastKnownFileType = text.plist.xml; path = Info.plist; sourceTree = "<group>"; };
		12917380203773DF00252217 /* LinearisTests.xctest */ = {isa = PBXFileReference; explicitFileType = wrapper.cfbundle; includeInIndex = 0; path = LinearisTests.xctest; sourceTree = BUILT_PRODUCTS_DIR; };
		12917384203773DF00252217 /* LinearisTests.swift */ = {isa = PBXFileReference; lastKnownFileType = sourcecode.swift; path = LinearisTests.swift; sourceTree = "<group>"; };
		12917386203773DF00252217 /* Info.plist */ = {isa = PBXFileReference; lastKnownFileType = text.plist.xml; path = Info.plist; sourceTree = "<group>"; };
		1291738B203773DF00252217 /* LinearisUITests.xctest */ = {isa = PBXFileReference; explicitFileType = wrapper.cfbundle; includeInIndex = 0; path = LinearisUITests.xctest; sourceTree = BUILT_PRODUCTS_DIR; };
		1291738F203773DF00252217 /* LinearisUITests.swift */ = {isa = PBXFileReference; lastKnownFileType = sourcecode.swift; path = LinearisUITests.swift; sourceTree = "<group>"; };
		12917391203773DF00252217 /* Info.plist */ = {isa = PBXFileReference; lastKnownFileType = text.plist.xml; path = Info.plist; sourceTree = "<group>"; };
/* End PBXFileReference section */

/* Begin PBXFrameworksBuildPhase section */
		12917366203773DF00252217 /* Frameworks */ = {
			isa = PBXFrameworksBuildPhase;
			buildActionMask = 2147483647;
			files = (
			);
			runOnlyForDeploymentPostprocessing = 0;
		};
		1291737D203773DF00252217 /* Frameworks */ = {
			isa = PBXFrameworksBuildPhase;
			buildActionMask = 2147483647;
			files = (
			);
			runOnlyForDeploymentPostprocessing = 0;
		};
		12917388203773DF00252217 /* Frameworks */ = {
			isa = PBXFrameworksBuildPhase;
			buildActionMask = 2147483647;
			files = (
			);
			runOnlyForDeploymentPostprocessing = 0;
		};
/* End PBXFrameworksBuildPhase section */

/* Begin PBXGroup section */
		12917360203773DF00252217 = {
			isa = PBXGroup;
			children = (
				1291736B203773DF00252217 /* Linearis */,
				12917383203773DF00252217 /* LinearisTests */,
				1291738E203773DF00252217 /* LinearisUITests */,
				1291736A203773DF00252217 /* Products */,
			);
			sourceTree = "<group>";
		};
		1291736A203773DF00252217 /* Products */ = {
			isa = PBXGroup;
			children = (
				12917369203773DF00252217 /* Linearis.app */,
				12917380203773DF00252217 /* LinearisTests.xctest */,
				1291738B203773DF00252217 /* LinearisUITests.xctest */,
			);
			name = Products;
			sourceTree = "<group>";
		};
		1291736B203773DF00252217 /* Linearis */ = {
			isa = PBXGroup;
			children = (
				1291736C203773DF00252217 /* AppDelegate.swift */,
				1291736E203773DF00252217 /* ViewController.swift */,
				12917370203773DF00252217 /* Main.storyboard */,
				12917376203773DF00252217 /* Assets.xcassets */,
				12917378203773DF00252217 /* LaunchScreen.storyboard */,
				1291737B203773DF00252217 /* Info.plist */,
				12917373203773DF00252217 /* Linearis.xcdatamodeld */,
			);
			path = Linearis;
			sourceTree = "<group>";
		};
		12917383203773DF00252217 /* LinearisTests */ = {
			isa = PBXGroup;
			children = (
				12917384203773DF00252217 /* LinearisTests.swift */,
				12917386203773DF00252217 /* Info.plist */,
			);
			path = LinearisTests;
			sourceTree = "<group>";
		};
		1291738E203773DF00252217 /* LinearisUITests */ = {
			isa = PBXGroup;
			children = (
				1291738F203773DF00252217 /* LinearisUITests.swift */,
				12917391203773DF00252217 /* Info.plist */,
			);
			path = LinearisUITests;
			sourceTree = "<group>";
		};
/* End PBXGroup section */

/* Begin PBXNativeTarget section */
		12917368203773DF00252217 /* Linearis */ = {
			isa = PBXNativeTarget;
			buildConfigurationList = 12917394203773DF00252217 /* Build configuration list for PBXNativeTarget "Linearis" */;
			buildPhases = (
				12917365203773DF00252217 /* Sources */,
				12917366203773DF00252217 /* Frameworks */,
				12917367203773DF00252217 /* Resources */,
			);
			buildRules = (
			);
			dependencies = (
			);
			name = Linearis;
			productName = Linearis;
			productReference = 12917369203773DF00252217 /* Linearis.app */;
			productType = "com.apple.product-type.application";
		};
		1291737F203773DF00252217 /* LinearisTests */ = {
			isa = PBXNativeTarget;
			buildConfigurationList = 12917397203773DF00252217 /* Build configuration list for PBXNativeTarget "LinearisTests" */;
			buildPhases = (
				1291737C203773DF00252217 /* Sources */,
				1291737D203773DF00252217 /* Frameworks */,
				1291737E203773DF00252217 /* Resources */,
			);
			buildRules = (
			);
			dependencies = (
				12917382203773DF00252217 /* PBXTargetDependency */,
			);
			name = LinearisTests;
			productName = LinearisTests;
			productReference = 12917380203773DF00252217 /* LinearisTests.xctest */;
			productType = "com.apple.product-type.bundle.unit-test";
		};
		1291738A203773DF00252217 /* LinearisUITests */ = {
			isa = PBXNativeTarget;
			buildConfigurationList = 1291739A203773DF00252217 /* Build configuration list for PBXNativeTarget "LinearisUITests" */;
			buildPhases = (
				12917387203773DF00252217 /* Sources */,
				12917388203773DF00252217 /* Frameworks */,
				12917389203773DF00252217 /* Resources */,
			);
			buildRules = (
			);
			dependencies = (
				1291738D203773DF00252217 /* PBXTargetDependency */,
			);
			name = LinearisUITests;
			productName = LinearisUITests;
			productReference = 1291738B203773DF00252217 /* LinearisUITests.xctest */;
			productType = "com.apple.product-type.bundle.ui-testing";
		};
/* End PBXNativeTarget section */

/* Begin PBXProject section */
		12917361203773DF00252217 /* Project object */ = {
			isa = PBXProject;
			attributes = {
				LastSwiftUpdateCheck = 0920;
				LastUpgradeCheck = 0920;
				ORGANIZATIONNAME = "Thunpisit Amnuaikiatloet";
				TargetAttributes = {
					12917368203773DF00252217 = {
						CreatedOnToolsVersion = 9.2;
						ProvisioningStyle = Automatic;
					};
					1291737F203773DF00252217 = {
						CreatedOnToolsVersion = 9.2;
						ProvisioningStyle = Automatic;
						TestTargetID = 12917368203773DF00252217;
					};
					1291738A203773DF00252217 = {
						CreatedOnToolsVersion = 9.2;
						ProvisioningStyle = Automatic;
						TestTargetID = 12917368203773DF00252217;
					};
				};
			};
			buildConfigurationList = 12917364203773DF00252217 /* Build configuration list for PBXProject "Linearis" */;
			compatibilityVersion = "Xcode 8.0";
			developmentRegion = en;
			hasScannedForEncodings = 0;
			knownRegions = (
				en,
				Base,
			);
			mainGroup = 12917360203773DF00252217;
			productRefGroup = 1291736A203773DF00252217 /* Products */;
			projectDirPath = "";
			projectRoot = "";
			targets = (
				12917368203773DF00252217 /* Linearis */,
				1291737F203773DF00252217 /* LinearisTests */,
				1291738A203773DF00252217 /* LinearisUITests */,
			);
		};
/* End PBXProject section */

/* Begin PBXResourcesBuildPhase section */
		12917367203773DF00252217 /* Resources */ = {
			isa = PBXResourcesBuildPhase;
			buildActionMask = 2147483647;
			files = (
				1291737A203773DF00252217 /* LaunchScreen.storyboard in Resources */,
				12917377203773DF00252217 /* Assets.xcassets in Resources */,
				12917372203773DF00252217 /* Main.storyboard in Resources */,
			);
			runOnlyForDeploymentPostprocessing = 0;
		};
		1291737E203773DF00252217 /* Resources */ = {
			isa = PBXResourcesBuildPhase;
			buildActionMask = 2147483647;
			files = (
			);
			runOnlyForDeploymentPostprocessing = 0;
		};
		12917389203773DF00252217 /* Resources */ = {
			isa = PBXResourcesBuildPhase;
			buildActionMask = 2147483647;
			files = (
			);
			runOnlyForDeploymentPostprocessing = 0;
		};
/* End PBXResourcesBuildPhase section */

/* Begin PBXSourcesBuildPhase section */
		12917365203773DF00252217 /* Sources */ = {
			isa = PBXSourcesBuildPhase;
			buildActionMask = 2147483647;
			files = (
				12917375203773DF00252217 /* Linearis.xcdatamodeld in Sources */,
				1291736F203773DF00252217 /* ViewController.swift in Sources */,
				1291736D203773DF00252217 /* AppDelegate.swift in Sources */,
			);
			runOnlyForDeploymentPostprocessing = 0;
		};
		1291737C203773DF00252217 /* Sources */ = {
			isa = PBXSourcesBuildPhase;
			buildActionMask = 2147483647;
			files = (
				12917385203773DF00252217 /* LinearisTests.swift in Sources */,
			);
			runOnlyForDeploymentPostprocessing = 0;
		};
		12917387203773DF00252217 /* Sources */ = {
			isa = PBXSourcesBuildPhase;
			buildActionMask = 2147483647;
			files = (
				12917390203773DF00252217 /* LinearisUITests.swift in Sources */,
			);
			runOnlyForDeploymentPostprocessing = 0;
		};
/* End PBXSourcesBuildPhase section */

/* Begin PBXTargetDependency section */
		12917382203773DF00252217 /* PBXTargetDependency */ = {
			isa = PBXTargetDependency;
			target = 12917368203773DF00252217 /* Linearis */;
			targetProxy = 12917381203773DF00252217 /* PBXContainerItemProxy */;
		};
		1291738D203773DF00252217 /* PBXTargetDependency */ = {
			isa = PBXTargetDependency;
			target = 12917368203773DF00252217 /* Linearis */;
			targetProxy = 1291738C203773DF00252217 /* PBXContainerItemProxy */;
		};
/* End PBXTargetDependency section */

/* Begin PBXVariantGroup section */
		12917370203773DF00252217 /* Main.storyboard */ = {
			isa = PBXVariantGroup;
			children = (
				12917371203773DF00252217 /* Base */,
			);
			name = Main.storyboard;
			sourceTree = "<group>";
		};
		12917378203773DF00252217 /* LaunchScreen.storyboard */ = {
			isa = PBXVariantGroup;
			children = (
				12917379203773DF00252217 /* Base */,
			);
			name = LaunchScreen.storyboard;
			sourceTree = "<group>";
		};
/* End PBXVariantGroup section */

/* Begin XCBuildConfiguration section */
		12917392203773DF00252217 /* Debug */ = {
			isa = XCBuildConfiguration;
			buildSettings = {
				ALWAYS_SEARCH_USER_PATHS = NO;
				CLANG_ANALYZER_NONNULL = YES;
				CLANG_ANALYZER_NUMBER_OBJECT_CONVERSION = YES_AGGRESSIVE;
				CLANG_CXX_LANGUAGE_STANDARD = "gnu++14";
				CLANG_CXX_LIBRARY = "libc++";
				CLANG_ENABLE_MODULES = YES;
				CLANG_ENABLE_OBJC_ARC = YES;
				CLANG_WARN_BLOCK_CAPTURE_AUTORELEASING = YES;
				CLANG_WARN_BOOL_CONVERSION = YES;
				CLANG_WARN_COMMA = YES;
				CLANG_WARN_CONSTANT_CONVERSION = YES;
				CLANG_WARN_DIRECT_OBJC_ISA_USAGE = YES_ERROR;
				CLANG_WARN_DOCUMENTATION_COMMENTS = YES;
				CLANG_WARN_EMPTY_BODY = YES;
				CLANG_WARN_ENUM_CONVERSION = YES;
				CLANG_WARN_INFINITE_RECURSION = YES;
				CLANG_WARN_INT_CONVERSION = YES;
				CLANG_WARN_NON_LITERAL_NULL_CONVERSION = YES;
				CLANG_WARN_OBJC_LITERAL_CONVERSION = YES;
				CLANG_WARN_OBJC_ROOT_CLASS = YES_ERROR;
				CLANG_WARN_RANGE_LOOP_ANALYSIS = YES;
				CLANG_WARN_STRICT_PROTOTYPES = YES;
				CLANG_WARN_SUSPICIOUS_MOVE = YES;
				CLANG_WARN_UNGUARDED_AVAILABILITY = YES_AGGRESSIVE;
				CLANG_WARN_UNREACHABLE_CODE = YES;
				CLANG_WARN__DUPLICATE_METHOD_MATCH = YES;
				CODE_SIGN_IDENTITY = "iPhone Developer";
				COPY_PHASE_STRIP = NO;
				DEBUG_INFORMATION_FORMAT = dwarf;
				ENABLE_STRICT_OBJC_MSGSEND = YES;
				ENABLE_TESTABILITY = YES;
				GCC_C_LANGUAGE_STANDARD = gnu11;
				GCC_DYNAMIC_NO_PIC = NO;
				GCC_NO_COMMON_BLOCKS = YES;
				GCC_OPTIMIZATION_LEVEL = 0;
				GCC_PREPROCESSOR_DEFINITIONS = (
					"DEBUG=1",
					"$(inherited)",
				);
				GCC_WARN_64_TO_32_BIT_CONVERSION = YES;
				GCC_WARN_ABOUT_RETURN_TYPE = YES_ERROR;
				GCC_WARN_UNDECLARED_SELECTOR = YES;
				GCC_WARN_UNINITIALIZED_AUTOS = YES_AGGRESSIVE;
				GCC_WARN_UNUSED_FUNCTION = YES;
				GCC_WARN_UNUSED_VARIABLE = YES;
				IPHONEOS_DEPLOYMENT_TARGET = 11.2;
				MTL_ENABLE_DEBUG_INFO = YES;
				ONLY_ACTIVE_ARCH = YES;
				SDKROOT = iphoneos;
				SWIFT_ACTIVE_COMPILATION_CONDITIONS = DEBUG;
				SWIFT_OPTIMIZATION_LEVEL = "-Onone";
			};
			name = Debug;
		};
		12917393203773DF00252217 /* Release */ = {
			isa = XCBuildConfiguration;
			buildSettings = {
				ALWAYS_SEARCH_USER_PATHS = NO;
				CLANG_ANALYZER_NONNULL = YES;
				CLANG_ANALYZER_NUMBER_OBJECT_CONVERSION = YES_AGGRESSIVE;
				CLANG_CXX_LANGUAGE_STANDARD = "gnu++14";
				CLANG_CXX_LIBRARY = "libc++";
				CLANG_ENABLE_MODULES = YES;
				CLANG_ENABLE_OBJC_ARC = YES;
				CLANG_WARN_BLOCK_CAPTURE_AUTORELEASING = YES;
				CLANG_WARN_BOOL_CONVERSION = YES;
				CLANG_WARN_COMMA = YES;
				CLANG_WARN_CONSTANT_CONVERSION = YES;
				CLANG_WARN_DIRECT_OBJC_ISA_USAGE = YES_ERROR;
				CLANG_WARN_DOCUMENTATION_COMMENTS = YES;
				CLANG_WARN_EMPTY_BODY = YES;
				CLANG_WARN_ENUM_CONVERSION = YES;
				CLANG_WARN_INFINITE_RECURSION = YES;
				CLANG_WARN_INT_CONVERSION = YES;
				CLANG_WARN_NON_LITERAL_NULL_CONVERSION = YES;
				CLANG_WARN_OBJC_LITERAL_CONVERSION = YES;
				CLANG_WARN_OBJC_ROOT_CLASS = YES_ERROR;
				CLANG_WARN_RANGE_LOOP_ANALYSIS = YES;
				CLANG_WARN_STRICT_PROTOTYPES = YES;
				CLANG_WARN_SUSPICIOUS_MOVE = YES;
				CLANG_WARN_UNGUARDED_AVAILABILITY = YES_AGGRESSIVE;
				CLANG_WARN_UNREACHABLE_CODE = YES;
				CLANG_WARN__DUPLICATE_METHOD_MATCH = YES;
				CODE_SIGN_IDENTITY = "iPhone Developer";
				COPY_PHASE_STRIP = NO;
				DEBUG_INFORMATION_FORMAT = "dwarf-with-dsym";
				ENABLE_NS_ASSERTIONS = NO;
				ENABLE_STRICT_OBJC_MSGSEND = YES;
				GCC_C_LANGUAGE_STANDARD = gnu11;
				GCC_NO_COMMON_BLOCKS = YES;
				GCC_WARN_64_TO_32_BIT_CONVERSION = YES;
				GCC_WARN_ABOUT_RETURN_TYPE = YES_ERROR;
				GCC_WARN_UNDECLARED_SELECTOR = YES;
				GCC_WARN_UNINITIALIZED_AUTOS = YES_AGGRESSIVE;
				GCC_WARN_UNUSED_FUNCTION = YES;
				GCC_WARN_UNUSED_VARIABLE = YES;
				IPHONEOS_DEPLOYMENT_TARGET = 11.2;
				MTL_ENABLE_DEBUG_INFO = NO;
				SDKROOT = iphoneos;
				SWIFT_OPTIMIZATION_LEVEL = "-Owholemodule";
				VALIDATE_PRODUCT = YES;
			};
			name = Release;
		};
		12917395203773DF00252217 /* Debug */ = {
			isa = XCBuildConfiguration;
			buildSettings = {
				ASSETCATALOG_COMPILER_APPICON_NAME = AppIcon;
				CODE_SIGN_STYLE = Automatic;
				DEVELOPMENT_TEAM = 7S69HUYJ5S;
				INFOPLIST_FILE = Linearis/Info.plist;
				LD_RUNPATH_SEARCH_PATHS = "$(inherited) @executable_path/Frameworks";
				PRODUCT_BUNDLE_IDENTIFIER = thunpisit.Linearis;
				PRODUCT_NAME = "$(TARGET_NAME)";
				SWIFT_VERSION = 4.0;
				TARGETED_DEVICE_FAMILY = "1,2";
			};
			name = Debug;
		};
		12917396203773DF00252217 /* Release */ = {
			isa = XCBuildConfiguration;
			buildSettings = {
				ASSETCATALOG_COMPILER_APPICON_NAME = AppIcon;
				CODE_SIGN_STYLE = Automatic;
				DEVELOPMENT_TEAM = 7S69HUYJ5S;
				INFOPLIST_FILE = Linearis/Info.plist;
				LD_RUNPATH_SEARCH_PATHS = "$(inherited) @executable_path/Frameworks";
				PRODUCT_BUNDLE_IDENTIFIER = thunpisit.Linearis;
				PRODUCT_NAME = "$(TARGET_NAME)";
				SWIFT_VERSION = 4.0;
				TARGETED_DEVICE_FAMILY = "1,2";
			};
			name = Release;
		};
		12917398203773DF00252217 /* Debug */ = {
			isa = XCBuildConfiguration;
			buildSettings = {
				ALWAYS_EMBED_SWIFT_STANDARD_LIBRARIES = YES;
				BUNDLE_LOADER = "$(TEST_HOST)";
				CODE_SIGN_STYLE = Automatic;
				DEVELOPMENT_TEAM = 7S69HUYJ5S;
				INFOPLIST_FILE = LinearisTests/Info.plist;
				LD_RUNPATH_SEARCH_PATHS = "$(inherited) @executable_path/Frameworks @loader_path/Frameworks";
				PRODUCT_BUNDLE_IDENTIFIER = thunpisit.LinearisTests;
				PRODUCT_NAME = "$(TARGET_NAME)";
				SWIFT_VERSION = 4.0;
				TARGETED_DEVICE_FAMILY = "1,2";
				TEST_HOST = "$(BUILT_PRODUCTS_DIR)/Linearis.app/Linearis";
			};
			name = Debug;
		};
		12917399203773DF00252217 /* Release */ = {
			isa = XCBuildConfiguration;
			buildSettings = {
				ALWAYS_EMBED_SWIFT_STANDARD_LIBRARIES = YES;
				BUNDLE_LOADER = "$(TEST_HOST)";
				CODE_SIGN_STYLE = Automatic;
				DEVELOPMENT_TEAM = 7S69HUYJ5S;
				INFOPLIST_FILE = LinearisTests/Info.plist;
				LD_RUNPATH_SEARCH_PATHS = "$(inherited) @executable_path/Frameworks @loader_path/Frameworks";
				PRODUCT_BUNDLE_IDENTIFIER = thunpisit.LinearisTests;
				PRODUCT_NAME = "$(TARGET_NAME)";
				SWIFT_VERSION = 4.0;
				TARGETED_DEVICE_FAMILY = "1,2";
				TEST_HOST = "$(BUILT_PRODUCTS_DIR)/Linearis.app/Linearis";
			};
			name = Release;
		};
		1291739B203773DF00252217 /* Debug */ = {
			isa = XCBuildConfiguration;
			buildSettings = {
				ALWAYS_EMBED_SWIFT_STANDARD_LIBRARIES = YES;
				CODE_SIGN_STYLE = Automatic;
				DEVELOPMENT_TEAM = 7S69HUYJ5S;
				INFOPLIST_FILE = LinearisUITests/Info.plist;
				LD_RUNPATH_SEARCH_PATHS = "$(inherited) @executable_path/Frameworks @loader_path/Frameworks";
				PRODUCT_BUNDLE_IDENTIFIER = thunpisit.LinearisUITests;
				PRODUCT_NAME = "$(TARGET_NAME)";
				SWIFT_VERSION = 4.0;
				TARGETED_DEVICE_FAMILY = "1,2";
				TEST_TARGET_NAME = Linearis;
			};
			name = Debug;
		};
		1291739C203773DF00252217 /* Release */ = {
			isa = XCBuildConfiguration;
			buildSettings = {
				ALWAYS_EMBED_SWIFT_STANDARD_LIBRARIES = YES;
				CODE_SIGN_STYLE = Automatic;
				DEVELOPMENT_TEAM = 7S69HUYJ5S;
				INFOPLIST_FILE = LinearisUITests/Info.plist;
				LD_RUNPATH_SEARCH_PATHS = "$(inherited) @executable_path/Frameworks @loader_path/Frameworks";
				PRODUCT_BUNDLE_IDENTIFIER = thunpisit.LinearisUITests;
				PRODUCT_NAME = "$(TARGET_NAME)";
				SWIFT_VERSION = 4.0;
				TARGETED_DEVICE_FAMILY = "1,2";
				TEST_TARGET_NAME = Linearis;
			};
			name = Release;
		};
/* End XCBuildConfiguration section */

/* Begin XCConfigurationList section */
		12917364203773DF00252217 /* Build configuration list for PBXProject "Linearis" */ = {
			isa = XCConfigurationList;
			buildConfigurations = (
				12917392203773DF00252217 /* Debug */,
				12917393203773DF00252217 /* Release */,
			);
			defaultConfigurationIsVisible = 0;
			defaultConfigurationName = Release;
		};
		12917394203773DF00252217 /* Build configuration list for PBXNativeTarget "Linearis" */ = {
			isa = XCConfigurationList;
			buildConfigurations = (
				12917395203773DF00252217 /* Debug */,
				12917396203773DF00252217 /* Release */,
			);
			defaultConfigurationIsVisible = 0;
			defaultConfigurationName = Release;
		};
		12917397203773DF00252217 /* Build configuration list for PBXNativeTarget "LinearisTests" */ = {
			isa = XCConfigurationList;
			buildConfigurations = (
				12917398203773DF00252217 /* Debug */,
				12917399203773DF00252217 /* Release */,
			);
			defaultConfigurationIsVisible = 0;
			defaultConfigurationName = Release;
		};
		1291739A203773DF00252217 /* Build configuration list for PBXNativeTarget "LinearisUITests" */ = {
			isa = XCConfigurationList;
			buildConfigurations = (
				1291739B203773DF00252217 /* Debug */,
				1291739C203773DF00252217 /* Release */,
			);
			defaultConfigurationIsVisible = 0;
			defaultConfigurationName = Release;
		};
/* End XCConfigurationList section */

/* Begin XCVersionGroup section */
		12917373203773DF00252217 /* Linearis.xcdatamodeld */ = {
			isa = XCVersionGroup;
			children = (
				12917374203773DF00252217 /* Linearis.xcdatamodel */,
			);
			currentVersion = 12917374203773DF00252217 /* Linearis.xcdatamodel */;
			path = Linearis.xcdatamodeld;
			sourceTree = "<group>";
			versionGroupType = wrapper.xcdatamodel;
		};
/* End XCVersionGroup section */
	};
	rootObject = 12917361203773DF00252217 /* Project object */;
}
